
Microsoft Visual Studio Solution File, Format Version 12.00
# Visual Studio Version 17
VisualStudioVersion = 17.8.34330.188
MinimumVisualStudioVersion = 10.0.40219.1
Project("{FAE04EC0-301F-11D3-BF4B-00C04F79EFBC}") = "AppWeb", "AppWeb.csproj", "{716416A6-B9EA-40A4-BDA6-D572794F6824}"
EndProject
Global
	GlobalSection(SolutionConfigurationPlatforms) = preSolution
		Debug|Any CPU = Debug|Any CPU
		Release|Any CPU = Release|Any CPU
	EndGlobalSection
	GlobalSection(ProjectConfigurationPlatforms) = postSolution
		{716416A6-B9EA-40A4-BDA6-D572794F6824}.Debug|Any CPU.ActiveCfg = Debug|Any CPU
		{716416A6-B9EA-40A4-BDA6-D572794F6824}.Debug|Any CPU.Build.0 = Debug|Any CPU
		{716416A6-B9EA-40A4-BDA6-D572794F6824}.Release|Any CPU.ActiveCfg = Release|Any CPU
		{716416A6-B9EA-40A4-BDA6-D572794F6824}.Release|Any CPU.Build.0 = Release|Any CPU
	EndGlobalSection
	GlobalSection(SolutionProperties) = preSolution
		HideSolutionNode = FALSE
	EndGlobalSection
	GlobalSection(ExtensibilityGlobals) = postSolution
		SolutionGuid = {2B9DD717-903C-40E0-9396-60BE891BC70B}
	EndGlobalSection
EndGlobal
